
Microsoft Visual Studio Solution File, Format Version 12.00
# Visual Studio 15
VisualStudioVersion = 15.0.26430.6
MinimumVisualStudioVersion = 10.0.40219.1
Project("{2150E333-8FDC-42A3-9474-1A3956D46DE8}") = "StructuralPatterns", "StructuralPatterns", "{90501F8B-F3D8-422E-B583-EB1153E18201}"
EndProject
Project("{9A19103F-16F7-4668-BE54-9A1E7A4F7556}") = "DesignPatterns", "DesignPatterns\DesignPatterns.csproj", "{4FFFF1FA-D16B-428A-A997-425419B1AF97}"
EndProject
Global
	GlobalSection(SolutionConfigurationPlatforms) = preSolution
		Debug|Any CPU = Debug|Any CPU
		Release|Any CPU = Release|Any CPU
	EndGlobalSection
	GlobalSection(ProjectConfigurationPlatforms) = postSolution
		{4FFFF1FA-D16B-428A-A997-425419B1AF97}.Debug|Any CPU.ActiveCfg = Debug|Any CPU
		{4FFFF1FA-D16B-428A-A997-425419B1AF97}.Debug|Any CPU.Build.0 = Debug|Any CPU
		{4FFFF1FA-D16B-428A-A997-425419B1AF97}.Release|Any CPU.ActiveCfg = Release|Any CPU
		{4FFFF1FA-D16B-428A-A997-425419B1AF97}.Release|Any CPU.Build.0 = Release|Any CPU
	EndGlobalSection
	GlobalSection(SolutionProperties) = preSolution
		HideSolutionNode = FALSE
	EndGlobalSection
	GlobalSection(NestedProjects) = preSolution
		{4FFFF1FA-D16B-428A-A997-425419B1AF97} = {90501F8B-F3D8-422E-B583-EB1153E18201}
	EndGlobalSection
EndGlobal
